
Microsoft Visual Studio Solution File, Format Version 12.00
Project("{FAE04EC0-301F-11D3-BF4B-00C04F79EFBC}") = "Xamarin SQLite", "Xamarin SQLite\Xamarin SQLite\Xamarin SQLite.csproj", "{63C80E73-DAAC-429D-99BB-A7B3D13FBB3A}"
EndProject
Project("{FAE04EC0-301F-11D3-BF4B-00C04F79EFBC}") = "Xamarin SQLite.Droid", "Xamarin SQLite\Xamarin SQLite.Droid\Xamarin SQLite.Droid.csproj", "{A01E3759-D5C1-428E-B80B-C5B77711C3A8}"
EndProject
Project("{FAE04EC0-301F-11D3-BF4B-00C04F79EFBC}") = "Xamarin SQLite.iOS", "Xamarin SQLite\Xamarin SQLite.iOS\Xamarin SQLite.iOS.csproj", "{FDECCA8D-5C3A-4D90-BAC0-09476286153D}"
EndProject
Global
	GlobalSection(SolutionConfigurationPlatforms) = preSolution
		Ad-Hoc|iPhone = Ad-Hoc|iPhone
		AppStore|iPhone = AppStore|iPhone
		Debug|Any CPU = Debug|Any CPU
		Debug|iPhone = Debug|iPhone
		Debug|iPhoneSimulator = Debug|iPhoneSimulator
		Release|Any CPU = Release|Any CPU
		Release|iPhone = Release|iPhone
		Release|iPhoneSimulator = Release|iPhoneSimulator
	EndGlobalSection
	GlobalSection(ProjectConfigurationPlatforms) = postSolution
		{63C80E73-DAAC-429D-99BB-A7B3D13FBB3A}.Ad-Hoc|iPhone.ActiveCfg = Debug|Any CPU
		{63C80E73-DAAC-429D-99BB-A7B3D13FBB3A}.Ad-Hoc|iPhone.Build.0 = Debug|Any CPU
		{63C80E73-DAAC-429D-99BB-A7B3D13FBB3A}.AppStore|iPhone.ActiveCfg = Debug|Any CPU
		{63C80E73-DAAC-429D-99BB-A7B3D13FBB3A}.AppStore|iPhone.Build.0 = Debug|Any CPU
		{63C80E73-DAAC-429D-99BB-A7B3D13FBB3A}.Debug|Any CPU.ActiveCfg = Debug|Any CPU
		{63C80E73-DAAC-429D-99BB-A7B3D13FBB3A}.Debug|Any CPU.Build.0 = Debug|Any CPU
		{63C80E73-DAAC-429D-99BB-A7B3D13FBB3A}.Debug|iPhone.ActiveCfg = Debug|Any CPU
		{63C80E73-DAAC-429D-99BB-A7B3D13FBB3A}.Debug|iPhone.Build.0 = Debug|Any CPU
		{63C80E73-DAAC-429D-99BB-A7B3D13FBB3A}.Debug|iPhoneSimulator.ActiveCfg = Debug|Any CPU
		{63C80E73-DAAC-429D-99BB-A7B3D13FBB3A}.Debug|iPhoneSimulator.Build.0 = Debug|Any CPU
		{63C80E73-DAAC-429D-99BB-A7B3D13FBB3A}.Release|Any CPU.ActiveCfg = Release|Any CPU
		{63C80E73-DAAC-429D-99BB-A7B3D13FBB3A}.Release|Any CPU.Build.0 = Release|Any CPU
		{63C80E73-DAAC-429D-99BB-A7B3D13FBB3A}.Release|iPhone.ActiveCfg = Release|Any CPU
		{63C80E73-DAAC-429D-99BB-A7B3D13FBB3A}.Release|iPhone.Build.0 = Release|Any CPU
		{63C80E73-DAAC-429D-99BB-A7B3D13FBB3A}.Release|iPhoneSimulator.ActiveCfg = Release|Any CPU
		{63C80E73-DAAC-429D-99BB-A7B3D13FBB3A}.Release|iPhoneSimulator.Build.0 = Release|Any CPU
		{A01E3759-D5C1-428E-B80B-C5B77711C3A8}.Ad-Hoc|iPhone.ActiveCfg = Debug|Any CPU
		{A01E3759-D5C1-428E-B80B-C5B77711C3A8}.Ad-Hoc|iPhone.Build.0 = Debug|Any CPU
		{A01E3759-D5C1-428E-B80B-C5B77711C3A8}.Ad-Hoc|iPhone.Deploy.0 = Debug|Any CPU
		{A01E3759-D5C1-428E-B80B-C5B77711C3A8}.AppStore|iPhone.ActiveCfg = Debug|Any CPU
		{A01E3759-D5C1-428E-B80B-C5B77711C3A8}.AppStore|iPhone.Build.0 = Debug|Any CPU
		{A01E3759-D5C1-428E-B80B-C5B77711C3A8}.AppStore|iPhone.Deploy.0 = Debug|Any CPU
		{A01E3759-D5C1-428E-B80B-C5B77711C3A8}.Debug|Any CPU.ActiveCfg = Debug|Any CPU
		{A01E3759-D5C1-428E-B80B-C5B77711C3A8}.Debug|Any CPU.Build.0 = Debug|Any CPU
		{A01E3759-D5C1-428E-B80B-C5B77711C3A8}.Debug|Any CPU.Deploy.0 = Debug|Any CPU
		{A01E3759-D5C1-428E-B80B-C5B77711C3A8}.Debug|iPhone.ActiveCfg = Debug|Any CPU
		{A01E3759-D5C1-428E-B80B-C5B77711C3A8}.Debug|iPhone.Build.0 = Debug|Any CPU
		{A01E3759-D5C1-428E-B80B-C5B77711C3A8}.Debug|iPhone.Deploy.0 = Debug|Any CPU
		{A01E3759-D5C1-428E-B80B-C5B77711C3A8}.Debug|iPhoneSimulator.ActiveCfg = Debug|Any CPU
		{A01E3759-D5C1-428E-B80B-C5B77711C3A8}.Debug|iPhoneSimulator.Build.0 = Debug|Any CPU
		{A01E3759-D5C1-428E-B80B-C5B77711C3A8}.Debug|iPhoneSimulator.Deploy.0 = Debug|Any CPU
		{A01E3759-D5C1-428E-B80B-C5B77711C3A8}.Release|Any CPU.ActiveCfg = Release|Any CPU
		{A01E3759-D5C1-428E-B80B-C5B77711C3A8}.Release|Any CPU.Build.0 = Release|Any CPU
		{A01E3759-D5C1-428E-B80B-C5B77711C3A8}.Release|Any CPU.Deploy.0 = Release|Any CPU
		{A01E3759-D5C1-428E-B80B-C5B77711C3A8}.Release|iPhone.ActiveCfg = Release|Any CPU
		{A01E3759-D5C1-428E-B80B-C5B77711C3A8}.Release|iPhone.Build.0 = Release|Any CPU
		{A01E3759-D5C1-428E-B80B-C5B77711C3A8}.Release|iPhone.Deploy.0 = Release|Any CPU
		{A01E3759-D5C1-428E-B80B-C5B77711C3A8}.Release|iPhoneSimulator.ActiveCfg = Release|Any CPU
		{A01E3759-D5C1-428E-B80B-C5B77711C3A8}.Release|iPhoneSimulator.Build.0 = Release|Any CPU
		{A01E3759-D5C1-428E-B80B-C5B77711C3A8}.Release|iPhoneSimulator.Deploy.0 = Release|Any CPU
		{FDECCA8D-5C3A-4D90-BAC0-09476286153D}.Ad-Hoc|iPhone.ActiveCfg = Ad-Hoc|iPhone
		{FDECCA8D-5C3A-4D90-BAC0-09476286153D}.Ad-Hoc|iPhone.Build.0 = Ad-Hoc|iPhone
		{FDECCA8D-5C3A-4D90-BAC0-09476286153D}.Ad-Hoc|iPhone.Deploy.0 = Ad-Hoc|iPhone
		{FDECCA8D-5C3A-4D90-BAC0-09476286153D}.AppStore|iPhone.ActiveCfg = AppStore|iPhone
		{FDECCA8D-5C3A-4D90-BAC0-09476286153D}.AppStore|iPhone.Build.0 = AppStore|iPhone
		{FDECCA8D-5C3A-4D90-BAC0-09476286153D}.AppStore|iPhone.Deploy.0 = AppStore|iPhone
		{FDECCA8D-5C3A-4D90-BAC0-09476286153D}.Debug|Any CPU.ActiveCfg = Debug|iPhoneSimulator
		{FDECCA8D-5C3A-4D90-BAC0-09476286153D}.Debug|Any CPU.Build.0 = Debug|iPhoneSimulator
		{FDECCA8D-5C3A-4D90-BAC0-09476286153D}.Debug|Any CPU.Deploy.0 = Debug|iPhoneSimulator
		{FDECCA8D-5C3A-4D90-BAC0-09476286153D}.Debug|iPhone.ActiveCfg = Debug|iPhone
		{FDECCA8D-5C3A-4D90-BAC0-09476286153D}.Debug|iPhone.Build.0 = Debug|iPhone
		{FDECCA8D-5C3A-4D90-BAC0-09476286153D}.Debug|iPhone.Deploy.0 = Debug|iPhone
		{FDECCA8D-5C3A-4D90-BAC0-09476286153D}.Debug|iPhoneSimulator.ActiveCfg = Debug|iPhoneSimulator
		{FDECCA8D-5C3A-4D90-BAC0-09476286153D}.Debug|iPhoneSimulator.Build.0 = Debug|iPhoneSimulator
		{FDECCA8D-5C3A-4D90-BAC0-09476286153D}.Debug|iPhoneSimulator.Deploy.0 = Debug|iPhoneSimulator
		{FDECCA8D-5C3A-4D90-BAC0-09476286153D}.Release|Any CPU.ActiveCfg = Release|iPhoneSimulator
		{FDECCA8D-5C3A-4D90-BAC0-09476286153D}.Release|Any CPU.Build.0 = Release|iPhoneSimulator
		{FDECCA8D-5C3A-4D90-BAC0-09476286153D}.Release|Any CPU.Deploy.0 = Release|iPhoneSimulator
		{FDECCA8D-5C3A-4D90-BAC0-09476286153D}.Release|iPhone.ActiveCfg = Release|iPhone
		{FDECCA8D-5C3A-4D90-BAC0-09476286153D}.Release|iPhone.Build.0 = Release|iPhone
		{FDECCA8D-5C3A-4D90-BAC0-09476286153D}.Release|iPhone.Deploy.0 = Release|iPhone
		{FDECCA8D-5C3A-4D90-BAC0-09476286153D}.Release|iPhoneSimulator.ActiveCfg = Release|iPhoneSimulator
		{FDECCA8D-5C3A-4D90-BAC0-09476286153D}.Release|iPhoneSimulator.Build.0 = Release|iPhoneSimulator
		{FDECCA8D-5C3A-4D90-BAC0-09476286153D}.Release|iPhoneSimulator.Deploy.0 = Release|iPhoneSimulator
	EndGlobalSection
EndGlobal
